
Microsoft Visual Studio Solution File, Format Version 12.00
# Visual Studio Version 16
VisualStudioVersion = 16.0.30907.101
MinimumVisualStudioVersion = 10.0.40219.1
Project("{9A19103F-16F7-4668-BE54-9A1E7A4F7556}") = "PromotionEngine.Test", "PromotionEngine.Test\PromotionEngine.Test.csproj", "{F9FB7231-BBB0-48AF-AB0D-E469A18260B8}"
EndProject
Project("{9A19103F-16F7-4668-BE54-9A1E7A4F7556}") = "PromotionEngine", "PromotionEngine\PromotionEngine.csproj", "{5C45E653-A1F9-4D0F-A279-0E16A5E2C064}"
EndProject
Global
	GlobalSection(SolutionConfigurationPlatforms) = preSolution
		Debug|Any CPU = Debug|Any CPU
		Release|Any CPU = Release|Any CPU
	EndGlobalSection
	GlobalSection(ProjectConfigurationPlatforms) = postSolution
		{F9FB7231-BBB0-48AF-AB0D-E469A18260B8}.Debug|Any CPU.ActiveCfg = Debug|Any CPU
		{F9FB7231-BBB0-48AF-AB0D-E469A18260B8}.Debug|Any CPU.Build.0 = Debug|Any CPU
		{F9FB7231-BBB0-48AF-AB0D-E469A18260B8}.Release|Any CPU.ActiveCfg = Release|Any CPU
		{F9FB7231-BBB0-48AF-AB0D-E469A18260B8}.Release|Any CPU.Build.0 = Release|Any CPU
		{5C45E653-A1F9-4D0F-A279-0E16A5E2C064}.Debug|Any CPU.ActiveCfg = Debug|Any CPU
		{5C45E653-A1F9-4D0F-A279-0E16A5E2C064}.Debug|Any CPU.Build.0 = Debug|Any CPU
		{5C45E653-A1F9-4D0F-A279-0E16A5E2C064}.Release|Any CPU.ActiveCfg = Release|Any CPU
		{5C45E653-A1F9-4D0F-A279-0E16A5E2C064}.Release|Any CPU.Build.0 = Release|Any CPU
	EndGlobalSection
	GlobalSection(SolutionProperties) = preSolution
		HideSolutionNode = FALSE
	EndGlobalSection
	GlobalSection(ExtensibilityGlobals) = postSolution
		SolutionGuid = {C974FF44-D054-4941-B4BF-BF0D69A2B12E}
	EndGlobalSection
EndGlobal
